
Microsoft Visual Studio Solution File, Format Version 12.00
# Visual Studio Version 17
VisualStudioVersion = 17.5.33414.496
MinimumVisualStudioVersion = 10.0.40219.1
Project("{FAE04EC0-301F-11D3-BF4B-00C04F79EFBC}") = "ArrayDeneme", "ArrayDeneme.csproj", "{EE769537-5706-4AB2-8CEF-E4F951717A94}"
EndProject
Global
	GlobalSection(SolutionConfigurationPlatforms) = preSolution
		Debug|Any CPU = Debug|Any CPU
		Release|Any CPU = Release|Any CPU
	EndGlobalSection
	GlobalSection(ProjectConfigurationPlatforms) = postSolution
		{EE769537-5706-4AB2-8CEF-E4F951717A94}.Debug|Any CPU.ActiveCfg = Debug|Any CPU
		{EE769537-5706-4AB2-8CEF-E4F951717A94}.Debug|Any CPU.Build.0 = Debug|Any CPU
		{EE769537-5706-4AB2-8CEF-E4F951717A94}.Release|Any CPU.ActiveCfg = Release|Any CPU
		{EE769537-5706-4AB2-8CEF-E4F951717A94}.Release|Any CPU.Build.0 = Release|Any CPU
	EndGlobalSection
	GlobalSection(SolutionProperties) = preSolution
		HideSolutionNode = FALSE
	EndGlobalSection
	GlobalSection(ExtensibilityGlobals) = postSolution
		SolutionGuid = {3F68B562-1457-4167-937A-356B80090319}
	EndGlobalSection
EndGlobal
